
Microsoft Visual Studio Solution File, Format Version 12.00
# Visual Studio 15
VisualStudioVersion = 15.0.27428.2015
MinimumVisualStudioVersion = 10.0.40219.1
Project("{FAE04EC0-301F-11D3-BF4B-00C04F79EFBC}") = "OnlineBookLibrary", "OnlineBookLibrary\OnlineBookLibrary.csproj", "{3B90C59E-9340-4F6A-B9DD-4A0C02685310}"
EndProject
Global
	GlobalSection(SolutionConfigurationPlatforms) = preSolution
		Debug|Any CPU = Debug|Any CPU
		Release|Any CPU = Release|Any CPU
	EndGlobalSection
	GlobalSection(ProjectConfigurationPlatforms) = postSolution
		{3B90C59E-9340-4F6A-B9DD-4A0C02685310}.Debug|Any CPU.ActiveCfg = Debug|Any CPU
		{3B90C59E-9340-4F6A-B9DD-4A0C02685310}.Debug|Any CPU.Build.0 = Debug|Any CPU
		{3B90C59E-9340-4F6A-B9DD-4A0C02685310}.Release|Any CPU.ActiveCfg = Release|Any CPU
		{3B90C59E-9340-4F6A-B9DD-4A0C02685310}.Release|Any CPU.Build.0 = Release|Any CPU
	EndGlobalSection
	GlobalSection(SolutionProperties) = preSolution
		HideSolutionNode = FALSE
	EndGlobalSection
	GlobalSection(ExtensibilityGlobals) = postSolution
		SolutionGuid = {2EE1E0E2-764E-4BC8-9E10-085D8C30D0A9}
	EndGlobalSection
EndGlobal
