
Microsoft Visual Studio Solution File, Format Version 12.00
# Visual Studio 15
VisualStudioVersion = 15.0.27428.1
MinimumVisualStudioVersion = 10.0.40219.1
Project("{FAE04EC0-301F-11D3-BF4B-00C04F79EFBC}") = "OnlineLibrary.OAuth2", "OnlineLibrary.OAuth2.csproj", "{184AEFD4-ACFD-49E4-85CA-90A8F8B597A4}"
EndProject
Global
	GlobalSection(SolutionConfigurationPlatforms) = preSolution
		Debug|Any CPU = Debug|Any CPU
		Release|Any CPU = Release|Any CPU
	EndGlobalSection
	GlobalSection(ProjectConfigurationPlatforms) = postSolution
		{184AEFD4-ACFD-49E4-85CA-90A8F8B597A4}.Debug|Any CPU.ActiveCfg = Debug|Any CPU
		{184AEFD4-ACFD-49E4-85CA-90A8F8B597A4}.Debug|Any CPU.Build.0 = Debug|Any CPU
		{184AEFD4-ACFD-49E4-85CA-90A8F8B597A4}.Release|Any CPU.ActiveCfg = Release|Any CPU
		{184AEFD4-ACFD-49E4-85CA-90A8F8B597A4}.Release|Any CPU.Build.0 = Release|Any CPU
	EndGlobalSection
	GlobalSection(SolutionProperties) = preSolution
		HideSolutionNode = FALSE
	EndGlobalSection
	GlobalSection(ExtensibilityGlobals) = postSolution
		SolutionGuid = {6B0983AF-CA16-4AE5-912D-E2DDB34EA5FF}
	EndGlobalSection
EndGlobal
